
Microsoft Visual Studio Solution File, Format Version 12.00
# Visual Studio Version 17
VisualStudioVersion = 17.3.32825.248
MinimumVisualStudioVersion = 10.0.40219.1
Project("{FAE04EC0-301F-11D3-BF4B-00C04F79EFBC}") = "Lab2", "Lab2\Lab2.csproj", "{49ED8B70-5471-4979-B093-42DA1CA584CA}"
EndProject
Global
	GlobalSection(SolutionConfigurationPlatforms) = preSolution
		Debug|Any CPU = Debug|Any CPU
		Release|Any CPU = Release|Any CPU
	EndGlobalSection
	GlobalSection(ProjectConfigurationPlatforms) = postSolution
		{49ED8B70-5471-4979-B093-42DA1CA584CA}.Debug|Any CPU.ActiveCfg = Debug|Any CPU
		{49ED8B70-5471-4979-B093-42DA1CA584CA}.Debug|Any CPU.Build.0 = Debug|Any CPU
		{49ED8B70-5471-4979-B093-42DA1CA584CA}.Release|Any CPU.ActiveCfg = Release|Any CPU
		{49ED8B70-5471-4979-B093-42DA1CA584CA}.Release|Any CPU.Build.0 = Release|Any CPU
	EndGlobalSection
	GlobalSection(SolutionProperties) = preSolution
		HideSolutionNode = FALSE
	EndGlobalSection
	GlobalSection(ExtensibilityGlobals) = postSolution
		SolutionGuid = {68A9C5BA-FA52-4B6D-B334-F66AC42B6534}
	EndGlobalSection
EndGlobal
